
Microsoft Visual Studio Solution File, Format Version 12.00
# Visual Studio Version 16
VisualStudioVersion = 16.0.29209.62
MinimumVisualStudioVersion = 10.0.40219.1
Project("{FAE04EC0-301F-11D3-BF4B-00C04F79EFBC}") = "Project.App", "Project.App\Project.App.csproj", "{121526DC-AF1C-44BD-BDC9-7864A5610D45}"
EndProject
Project("{FAE04EC0-301F-11D3-BF4B-00C04F79EFBC}") = "Project.Code", "Project.Code\Project.Code.csproj", "{23F3A0D5-07FB-4E13-83B2-E34B9C743EFD}"
EndProject
Global
	GlobalSection(SolutionConfigurationPlatforms) = preSolution
		Debug|Any CPU = Debug|Any CPU
		Release|Any CPU = Release|Any CPU
	EndGlobalSection
	GlobalSection(ProjectConfigurationPlatforms) = postSolution
		{121526DC-AF1C-44BD-BDC9-7864A5610D45}.Debug|Any CPU.ActiveCfg = Debug|Any CPU
		{121526DC-AF1C-44BD-BDC9-7864A5610D45}.Debug|Any CPU.Build.0 = Debug|Any CPU
		{121526DC-AF1C-44BD-BDC9-7864A5610D45}.Release|Any CPU.ActiveCfg = Release|Any CPU
		{121526DC-AF1C-44BD-BDC9-7864A5610D45}.Release|Any CPU.Build.0 = Release|Any CPU
		{23F3A0D5-07FB-4E13-83B2-E34B9C743EFD}.Debug|Any CPU.ActiveCfg = Debug|Any CPU
		{23F3A0D5-07FB-4E13-83B2-E34B9C743EFD}.Debug|Any CPU.Build.0 = Debug|Any CPU
		{23F3A0D5-07FB-4E13-83B2-E34B9C743EFD}.Release|Any CPU.ActiveCfg = Release|Any CPU
		{23F3A0D5-07FB-4E13-83B2-E34B9C743EFD}.Release|Any CPU.Build.0 = Release|Any CPU
	EndGlobalSection
	GlobalSection(SolutionProperties) = preSolution
		HideSolutionNode = FALSE
	EndGlobalSection
	GlobalSection(ExtensibilityGlobals) = postSolution
		SolutionGuid = {AB70AAE1-41BD-491C-9404-F98640A70F7C}
	EndGlobalSection
EndGlobal
